
Microsoft Visual Studio Solution File, Format Version 12.00
# Visual Studio Version 16
VisualStudioVersion = 16.0.32802.440
MinimumVisualStudioVersion = 10.0.40219.1
Project("{FAE04EC0-301F-11D3-BF4B-00C04F79EFBC}") = "paidLeave_WebApp", "paidLeave_WebApp\paidLeave_WebApp.csproj", "{B2484091-2AED-4100-A659-40A74D226493}"
EndProject
Project("{FAE04EC0-301F-11D3-BF4B-00C04F79EFBC}") = "API", "API\API.csproj", "{81CC0F5A-BC98-4E14-B33C-6489833F9569}"
EndProject
Global
	GlobalSection(SolutionConfigurationPlatforms) = preSolution
		Debug|Any CPU = Debug|Any CPU
		Release|Any CPU = Release|Any CPU
	EndGlobalSection
	GlobalSection(ProjectConfigurationPlatforms) = postSolution
		{B2484091-2AED-4100-A659-40A74D226493}.Debug|Any CPU.ActiveCfg = Debug|Any CPU
		{B2484091-2AED-4100-A659-40A74D226493}.Debug|Any CPU.Build.0 = Debug|Any CPU
		{B2484091-2AED-4100-A659-40A74D226493}.Release|Any CPU.ActiveCfg = Release|Any CPU
		{B2484091-2AED-4100-A659-40A74D226493}.Release|Any CPU.Build.0 = Release|Any CPU
		{81CC0F5A-BC98-4E14-B33C-6489833F9569}.Debug|Any CPU.ActiveCfg = Debug|Any CPU
		{81CC0F5A-BC98-4E14-B33C-6489833F9569}.Debug|Any CPU.Build.0 = Debug|Any CPU
		{81CC0F5A-BC98-4E14-B33C-6489833F9569}.Release|Any CPU.ActiveCfg = Release|Any CPU
		{81CC0F5A-BC98-4E14-B33C-6489833F9569}.Release|Any CPU.Build.0 = Release|Any CPU
	EndGlobalSection
	GlobalSection(SolutionProperties) = preSolution
		HideSolutionNode = FALSE
	EndGlobalSection
	GlobalSection(ExtensibilityGlobals) = postSolution
		SolutionGuid = {A004BDD5-7FCF-46BE-88BF-2127916D17A0}
	EndGlobalSection
EndGlobal
